// !$*UTF8*$!
{
	archiveVersion = 1;
	classes = {
	};
	objectVersion = 46;
	objects = {

/* Begin PBXBuildFile section */
		84534DD71A1813800043FC99 /* SpaceShip.swift in Sources */ = {isa = PBXBuildFile; fileRef = 84534DD61A1813800043FC99 /* SpaceShip.swift */; };
		84534DDB1A1815B20043FC99 /* spaceShipSpriteUp.png in Resources */ = {isa = PBXBuildFile; fileRef = 84534DD81A1815B20043FC99 /* spaceShipSpriteUp.png */; };
		84534DDC1A1815B20043FC99 /* background.png in Resources */ = {isa = PBXBuildFile; fileRef = 84534DD91A1815B20043FC99 /* background.png */; };
		84534DDD1A1815B20043FC99 /* starBGBlack.png in Resources */ = {isa = PBXBuildFile; fileRef = 84534DDA1A1815B20043FC99 /* starBGBlack.png */; };
		84FF23B71A143C5200665432 /* AppDelegate.swift in Sources */ = {isa = PBXBuildFile; fileRef = 84FF23B61A143C5200665432 /* AppDelegate.swift */; };
		84FF23B91A143C5200665432 /* GameScene.sks in Resources */ = {isa = PBXBuildFile; fileRef = 84FF23B81A143C5200665432 /* GameScene.sks */; };
		84FF23BB1A143C5200665432 /* GameScene.swift in Sources */ = {isa = PBXBuildFile; fileRef = 84FF23BA1A143C5200665432 /* GameScene.swift */; };
		84FF23BD1A143C5200665432 /* GameViewController.swift in Sources */ = {isa = PBXBuildFile; fileRef = 84FF23BC1A143C5200665432 /* GameViewController.swift */; };
		84FF23C01A143C5200665432 /* Main.storyboard in Resources */ = {isa = PBXBuildFile; fileRef = 84FF23BE1A143C5200665432 /* Main.storyboard */; };
		84FF23C21A143C5200665432 /* Images.xcassets in Resources */ = {isa = PBXBuildFile; fileRef = 84FF23C11A143C5200665432 /* Images.xcassets */; };
		84FF23C51A143C5200665432 /* LaunchScreen.xib in Resources */ = {isa = PBXBuildFile; fileRef = 84FF23C31A143C5200665432 /* LaunchScreen.xib */; };
		84FF23D11A143C5200665432 /* SpaceEnvoyTests.swift in Sources */ = {isa = PBXBuildFile; fileRef = 84FF23D01A143C5200665432 /* SpaceEnvoyTests.swift */; };
/* End PBXBuildFile section */

/* Begin PBXContainerItemProxy section */
		84FF23CB1A143C5200665432 /* PBXContainerItemProxy */ = {
			isa = PBXContainerItemProxy;
			containerPortal = 84FF23A91A143C5200665432 /* Project object */;
			proxyType = 1;
			remoteGlobalIDString = 84FF23B01A143C5200665432;
			remoteInfo = SpaceEnvoy;
		};
/* End PBXContainerItemProxy section */

/* Begin PBXFileReference section */
		84534DD61A1813800043FC99 /* SpaceShip.swift */ = {isa = PBXFileReference; fileEncoding = 4; lastKnownFileType = sourcecode.swift; path = SpaceShip.swift; sourceTree = "<group>"; };
		84534DD81A1815B20043FC99 /* spaceShipSpriteUp.png */ = {isa = PBXFileReference; lastKnownFileType = image.png; path = spaceShipSpriteUp.png; sourceTree = "<group>"; };
		84534DD91A1815B20043FC99 /* background.png */ = {isa = PBXFileReference; lastKnownFileType = image.png; path = background.png; sourceTree = "<group>"; };
		84534DDA1A1815B20043FC99 /* starBGBlack.png */ = {isa = PBXFileReference; lastKnownFileType = image.png; path = starBGBlack.png; sourceTree = "<group>"; };
		84FF23B11A143C5200665432 /* SpaceEnvoy.app */ = {isa = PBXFileReference; explicitFileType = wrapper.application; includeInIndex = 0; path = SpaceEnvoy.app; sourceTree = BUILT_PRODUCTS_DIR; };
		84FF23B51A143C5200665432 /* Info.plist */ = {isa = PBXFileReference; lastKnownFileType = text.plist.xml; path = Info.plist; sourceTree = "<group>"; };
		84FF23B61A143C5200665432 /* AppDelegate.swift */ = {isa = PBXFileReference; lastKnownFileType = sourcecode.swift; path = AppDelegate.swift; sourceTree = "<group>"; };
		84FF23B81A143C5200665432 /* GameScene.sks */ = {isa = PBXFileReference; lastKnownFileType = file.sks; path = GameScene.sks; sourceTree = "<group>"; };
		84FF23BA1A143C5200665432 /* GameScene.swift */ = {isa = PBXFileReference; lastKnownFileType = sourcecode.swift; path = GameScene.swift; sourceTree = "<group>"; };
		84FF23BC1A143C5200665432 /* GameViewController.swift */ = {isa = PBXFileReference; lastKnownFileType = sourcecode.swift; path = GameViewController.swift; sourceTree = "<group>"; };
		84FF23BF1A143C5200665432 /* Base */ = {isa = PBXFileReference; lastKnownFileType = file.storyboard; name = Base; path = Base.lproj/Main.storyboard; sourceTree = "<group>"; };
		84FF23C11A143C5200665432 /* Images.xcassets */ = {isa = PBXFileReference; lastKnownFileType = folder.assetcatalog; path = Images.xcassets; sourceTree = "<group>"; };
		84FF23C41A143C5200665432 /* Base */ = {isa = PBXFileReference; lastKnownFileType = file.xib; name = Base; path = Base.lproj/LaunchScreen.xib; sourceTree = "<group>"; };
		84FF23CA1A143C5200665432 /* SpaceEnvoyTests.xctest */ = {isa = PBXFileReference; explicitFileType = wrapper.cfbundle; includeInIndex = 0; path = SpaceEnvoyTests.xctest; sourceTree = BUILT_PRODUCTS_DIR; };
		84FF23CF1A143C5200665432 /* Info.plist */ = {isa = PBXFileReference; lastKnownFileType = text.plist.xml; path = Info.plist; sourceTree = "<group>"; };
		84FF23D01A143C5200665432 /* SpaceEnvoyTests.swift */ = {isa = PBXFileReference; lastKnownFileType = sourcecode.swift; path = SpaceEnvoyTests.swift; sourceTree = "<group>"; };
/* End PBXFileReference section */

/* Begin PBXFrameworksBuildPhase section */
		84FF23AE1A143C5200665432 /* Frameworks */ = {
			isa = PBXFrameworksBuildPhase;
			buildActionMask = 2147483647;
			files = (
			);
			runOnlyForDeploymentPostprocessing = 0;
		};
		84FF23C71A143C5200665432 /* Frameworks */ = {
			isa = PBXFrameworksBuildPhase;
			buildActionMask = 2147483647;
			files = (
			);
			runOnlyForDeploymentPostprocessing = 0;
		};
/* End PBXFrameworksBuildPhase section */

/* Begin PBXGroup section */
		84FF23A81A143C5200665432 = {
			isa = PBXGroup;
			children = (
				84FF23B31A143C5200665432 /* SpaceEnvoy */,
				84FF23CD1A143C5200665432 /* SpaceEnvoyTests */,
				84FF23B21A143C5200665432 /* Products */,
			);
			sourceTree = "<group>";
		};
		84FF23B21A143C5200665432 /* Products */ = {
			isa = PBXGroup;
			children = (
				84FF23B11A143C5200665432 /* SpaceEnvoy.app */,
				84FF23CA1A143C5200665432 /* SpaceEnvoyTests.xctest */,
			);
			name = Products;
			sourceTree = "<group>";
		};
		84FF23B31A143C5200665432 /* SpaceEnvoy */ = {
			isa = PBXGroup;
			children = (
				84534DD81A1815B20043FC99 /* spaceShipSpriteUp.png */,
				84534DD91A1815B20043FC99 /* background.png */,
				84534DDA1A1815B20043FC99 /* starBGBlack.png */,
				84FF23B61A143C5200665432 /* AppDelegate.swift */,
				84FF23B81A143C5200665432 /* GameScene.sks */,
				84FF23BA1A143C5200665432 /* GameScene.swift */,
				84534DD61A1813800043FC99 /* SpaceShip.swift */,
				84FF23BC1A143C5200665432 /* GameViewController.swift */,
				84FF23BE1A143C5200665432 /* Main.storyboard */,
				84FF23C11A143C5200665432 /* Images.xcassets */,
				84FF23C31A143C5200665432 /* LaunchScreen.xib */,
				84FF23B41A143C5200665432 /* Supporting Files */,
			);
			path = SpaceEnvoy;
			sourceTree = "<group>";
		};
		84FF23B41A143C5200665432 /* Supporting Files */ = {
			isa = PBXGroup;
			children = (
				84FF23B51A143C5200665432 /* Info.plist */,
			);
			name = "Supporting Files";
			sourceTree = "<group>";
		};
		84FF23CD1A143C5200665432 /* SpaceEnvoyTests */ = {
			isa = PBXGroup;
			children = (
				84FF23D01A143C5200665432 /* SpaceEnvoyTests.swift */,
				84FF23CE1A143C5200665432 /* Supporting Files */,
			);
			path = SpaceEnvoyTests;
			sourceTree = "<group>";
		};
		84FF23CE1A143C5200665432 /* Supporting Files */ = {
			isa = PBXGroup;
			children = (
				84FF23CF1A143C5200665432 /* Info.plist */,
			);
			name = "Supporting Files";
			sourceTree = "<group>";
		};
/* End PBXGroup section */

/* Begin PBXNativeTarget section */
		84FF23B01A143C5200665432 /* SpaceEnvoy */ = {
			isa = PBXNativeTarget;
			buildConfigurationList = 84FF23D41A143C5200665432 /* Build configuration list for PBXNativeTarget "SpaceEnvoy" */;
			buildPhases = (
				84FF23AD1A143C5200665432 /* Sources */,
				84FF23AE1A143C5200665432 /* Frameworks */,
				84FF23AF1A143C5200665432 /* Resources */,
			);
			buildRules = (
			);
			dependencies = (
			);
			name = SpaceEnvoy;
			productName = SpaceEnvoy;
			productReference = 84FF23B11A143C5200665432 /* SpaceEnvoy.app */;
			productType = "com.apple.product-type.application";
		};
		84FF23C91A143C5200665432 /* SpaceEnvoyTests */ = {
			isa = PBXNativeTarget;
			buildConfigurationList = 84FF23D71A143C5200665432 /* Build configuration list for PBXNativeTarget "SpaceEnvoyTests" */;
			buildPhases = (
				84FF23C61A143C5200665432 /* Sources */,
				84FF23C71A143C5200665432 /* Frameworks */,
				84FF23C81A143C5200665432 /* Resources */,
			);
			buildRules = (
			);
			dependencies = (
				84FF23CC1A143C5200665432 /* PBXTargetDependency */,
			);
			name = SpaceEnvoyTests;
			productName = SpaceEnvoyTests;
			productReference = 84FF23CA1A143C5200665432 /* SpaceEnvoyTests.xctest */;
			productType = "com.apple.product-type.bundle.unit-test";
		};
/* End PBXNativeTarget section */

/* Begin PBXProject section */
		84FF23A91A143C5200665432 /* Project object */ = {
			isa = PBXProject;
			attributes = {
				LastUpgradeCheck = 0610;
				ORGANIZATIONNAME = Rexru101;
				TargetAttributes = {
					84FF23B01A143C5200665432 = {
						CreatedOnToolsVersion = 6.1;
					};
					84FF23C91A143C5200665432 = {
						CreatedOnToolsVersion = 6.1;
						TestTargetID = 84FF23B01A143C5200665432;
					};
				};
			};
			buildConfigurationList = 84FF23AC1A143C5200665432 /* Build configuration list for PBXProject "SpaceEnvoy" */;
			compatibilityVersion = "Xcode 3.2";
			developmentRegion = English;
			hasScannedForEncodings = 0;
			knownRegions = (
				en,
				Base,
			);
			mainGroup = 84FF23A81A143C5200665432;
			productRefGroup = 84FF23B21A143C5200665432 /* Products */;
			projectDirPath = "";
			projectRoot = "";
			targets = (
				84FF23B01A143C5200665432 /* SpaceEnvoy */,
				84FF23C91A143C5200665432 /* SpaceEnvoyTests */,
			);
		};
/* End PBXProject section */

/* Begin PBXResourcesBuildPhase section */
		84FF23AF1A143C5200665432 /* Resources */ = {
			isa = PBXResourcesBuildPhase;
			buildActionMask = 2147483647;
			files = (
				84534DDD1A1815B20043FC99 /* starBGBlack.png in Resources */,
				84534DDB1A1815B20043FC99 /* spaceShipSpriteUp.png in Resources */,
				84534DDC1A1815B20043FC99 /* background.png in Resources */,
				84FF23C51A143C5200665432 /* LaunchScreen.xib in Resources */,
				84FF23C21A143C5200665432 /* Images.xcassets in Resources */,
				84FF23B91A143C5200665432 /* GameScene.sks in Resources */,
				84FF23C01A143C5200665432 /* Main.storyboard in Resources */,
			);
			runOnlyForDeploymentPostprocessing = 0;
		};
		84FF23C81A143C5200665432 /* Resources */ = {
			isa = PBXResourcesBuildPhase;
			buildActionMask = 2147483647;
			files = (
			);
			runOnlyForDeploymentPostprocessing = 0;
		};
/* End PBXResourcesBuildPhase section */

/* Begin PBXSourcesBuildPhase section */
		84FF23AD1A143C5200665432 /* Sources */ = {
			isa = PBXSourcesBuildPhase;
			buildActionMask = 2147483647;
			files = (
				84FF23BB1A143C5200665432 /* GameScene.swift in Sources */,
				84FF23BD1A143C5200665432 /* GameViewController.swift in Sources */,
				84534DD71A1813800043FC99 /* SpaceShip.swift in Sources */,
				84FF23B71A143C5200665432 /* AppDelegate.swift in Sources */,
			);
			runOnlyForDeploymentPostprocessing = 0;
		};
		84FF23C61A143C5200665432 /* Sources */ = {
			isa = PBXSourcesBuildPhase;
			buildActionMask = 2147483647;
			files = (
				84FF23D11A143C5200665432 /* SpaceEnvoyTests.swift in Sources */,
			);
			runOnlyForDeploymentPostprocessing = 0;
		};
/* End PBXSourcesBuildPhase section */

/* Begin PBXTargetDependency section */
		84FF23CC1A143C5200665432 /* PBXTargetDependency */ = {
			isa = PBXTargetDependency;
			target = 84FF23B01A143C5200665432 /* SpaceEnvoy */;
			targetProxy = 84FF23CB1A143C5200665432 /* PBXContainerItemProxy */;
		};
/* End PBXTargetDependency section */

/* Begin PBXVariantGroup section */
		84FF23BE1A143C5200665432 /* Main.storyboard */ = {
			isa = PBXVariantGroup;
			children = (
				84FF23BF1A143C5200665432 /* Base */,
			);
			name = Main.storyboard;
			sourceTree = "<group>";
		};
		84FF23C31A143C5200665432 /* LaunchScreen.xib */ = {
			isa = PBXVariantGroup;
			children = (
				84FF23C41A143C5200665432 /* Base */,
			);
			name = LaunchScreen.xib;
			sourceTree = "<group>";
		};
/* End PBXVariantGroup section */

/* Begin XCBuildConfiguration section */
		84FF23D21A143C5200665432 /* Debug */ = {
			isa = XCBuildConfiguration;
			buildSettings = {
				ALWAYS_SEARCH_USER_PATHS = NO;
				CLANG_CXX_LANGUAGE_STANDARD = "gnu++0x";
				CLANG_CXX_LIBRARY = "libc++";
				CLANG_ENABLE_MODULES = YES;
				CLANG_ENABLE_OBJC_ARC = YES;
				CLANG_WARN_BOOL_CONVERSION = YES;
				CLANG_WARN_CONSTANT_CONVERSION = YES;
				CLANG_WARN_DIRECT_OBJC_ISA_USAGE = YES_ERROR;
				CLANG_WARN_EMPTY_BODY = YES;
				CLANG_WARN_ENUM_CONVERSION = YES;
				CLANG_WARN_INT_CONVERSION = YES;
				CLANG_WARN_OBJC_ROOT_CLASS = YES_ERROR;
				CLANG_WARN_UNREACHABLE_CODE = YES;
				CLANG_WARN__DUPLICATE_METHOD_MATCH = YES;
				"CODE_SIGN_IDENTITY[sdk=iphoneos*]" = "iPhone Developer";
				COPY_PHASE_STRIP = NO;
				ENABLE_STRICT_OBJC_MSGSEND = YES;
				GCC_C_LANGUAGE_STANDARD = gnu99;
				GCC_DYNAMIC_NO_PIC = NO;
				GCC_OPTIMIZATION_LEVEL = 0;
				GCC_PREPROCESSOR_DEFINITIONS = (
					"DEBUG=1",
					"$(inherited)",
				);
				GCC_SYMBOLS_PRIVATE_EXTERN = NO;
				GCC_WARN_64_TO_32_BIT_CONVERSION = YES;
				GCC_WARN_ABOUT_RETURN_TYPE = YES_ERROR;
				GCC_WARN_UNDECLARED_SELECTOR = YES;
				GCC_WARN_UNINITIALIZED_AUTOS = YES_AGGRESSIVE;
				GCC_WARN_UNUSED_FUNCTION = YES;
				GCC_WARN_UNUSED_VARIABLE = YES;
				IPHONEOS_DEPLOYMENT_TARGET = 8.1;
				MTL_ENABLE_DEBUG_INFO = YES;
				ONLY_ACTIVE_ARCH = YES;
				SDKROOT = iphoneos;
				SWIFT_OPTIMIZATION_LEVEL = "-Onone";
			};
			name = Debug;
		};
		84FF23D31A143C5200665432 /* Release */ = {
			isa = XCBuildConfiguration;
			buildSettings = {
				ALWAYS_SEARCH_USER_PATHS = NO;
				CLANG_CXX_LANGUAGE_STANDARD = "gnu++0x";
				CLANG_CXX_LIBRARY = "libc++";
				CLANG_ENABLE_MODULES = YES;
				CLANG_ENABLE_OBJC_ARC = YES;
				CLANG_WARN_BOOL_CONVERSION = YES;
				CLANG_WARN_CONSTANT_CONVERSION = YES;
				CLANG_WARN_DIRECT_OBJC_ISA_USAGE = YES_ERROR;
				CLANG_WARN_EMPTY_BODY = YES;
				CLANG_WARN_ENUM_CONVERSION = YES;
				CLANG_WARN_INT_CONVERSION = YES;
				CLANG_WARN_OBJC_ROOT_CLASS = YES_ERROR;
				CLANG_WARN_UNREACHABLE_CODE = YES;
				CLANG_WARN__DUPLICATE_METHOD_MATCH = YES;
				"CODE_SIGN_IDENTITY[sdk=iphoneos*]" = "iPhone Developer";
				COPY_PHASE_STRIP = YES;
				ENABLE_NS_ASSERTIONS = NO;
				ENABLE_STRICT_OBJC_MSGSEND = YES;
				GCC_C_LANGUAGE_STANDARD = gnu99;
				GCC_WARN_64_TO_32_BIT_CONVERSION = YES;
				GCC_WARN_ABOUT_RETURN_TYPE = YES_ERROR;
				GCC_WARN_UNDECLARED_SELECTOR = YES;
				GCC_WARN_UNINITIALIZED_AUTOS = YES_AGGRESSIVE;
				GCC_WARN_UNUSED_FUNCTION = YES;
				GCC_WARN_UNUSED_VARIABLE = YES;
				IPHONEOS_DEPLOYMENT_TARGET = 8.1;
				MTL_ENABLE_DEBUG_INFO = NO;
				SDKROOT = iphoneos;
				VALIDATE_PRODUCT = YES;
			};
			name = Release;
		};
		84FF23D51A143C5200665432 /* Debug */ = {
			isa = XCBuildConfiguration;
			buildSettings = {
				ASSETCATALOG_COMPILER_APPICON_NAME = AppIcon;
				INFOPLIST_FILE = SpaceEnvoy/Info.plist;
				IPHONEOS_DEPLOYMENT_TARGET = 7.1;
				LD_RUNPATH_SEARCH_PATHS = "$(inherited) @executable_path/Frameworks";
				PRODUCT_NAME = "$(TARGET_NAME)";
			};
			name = Debug;
		};
		84FF23D61A143C5200665432 /* Release */ = {
			isa = XCBuildConfiguration;
			buildSettings = {
				ASSETCATALOG_COMPILER_APPICON_NAME = AppIcon;
				INFOPLIST_FILE = SpaceEnvoy/Info.plist;
				IPHONEOS_DEPLOYMENT_TARGET = 7.1;
				LD_RUNPATH_SEARCH_PATHS = "$(inherited) @executable_path/Frameworks";
				PRODUCT_NAME = "$(TARGET_NAME)";
			};
			name = Release;
		};
		84FF23D81A143C5200665432 /* Debug */ = {
			isa = XCBuildConfiguration;
			buildSettings = {
				BUNDLE_LOADER = "$(TEST_HOST)";
				FRAMEWORK_SEARCH_PATHS = (
					"$(SDKROOT)/Developer/Library/Frameworks",
					"$(inherited)",
				);
				GCC_PREPROCESSOR_DEFINITIONS = (
					"DEBUG=1",
					"$(inherited)",
				);
				INFOPLIST_FILE = SpaceEnvoyTests/Info.plist;
				LD_RUNPATH_SEARCH_PATHS = "$(inherited) @executable_path/Frameworks @loader_path/Frameworks";
				PRODUCT_NAME = "$(TARGET_NAME)";
				TEST_HOST = "$(BUILT_PRODUCTS_DIR)/SpaceEnvoy.app/SpaceEnvoy";
			};
			name = Debug;
		};
		84FF23D91A143C5200665432 /* Release */ = {
			isa = XCBuildConfiguration;
			buildSettings = {
				BUNDLE_LOADER = "$(TEST_HOST)";
				FRAMEWORK_SEARCH_PATHS = (
					"$(SDKROOT)/Developer/Library/Frameworks",
					"$(inherited)",
				);
				INFOPLIST_FILE = SpaceEnvoyTests/Info.plist;
				LD_RUNPATH_SEARCH_PATHS = "$(inherited) @executable_path/Frameworks @loader_path/Frameworks";
				PRODUCT_NAME = "$(TARGET_NAME)";
				TEST_HOST = "$(BUILT_PRODUCTS_DIR)/SpaceEnvoy.app/SpaceEnvoy";
			};
			name = Release;
		};
/* End XCBuildConfiguration section */

/* Begin XCConfigurationList section */
		84FF23AC1A143C5200665432 /* Build configuration list for PBXProject "SpaceEnvoy" */ = {
			isa = XCConfigurationList;
			buildConfigurations = (
				84FF23D21A143C5200665432 /* Debug */,
				84FF23D31A143C5200665432 /* Release */,
			);
			defaultConfigurationIsVisible = 0;
			defaultConfigurationName = Release;
		};
		84FF23D41A143C5200665432 /* Build configuration list for PBXNativeTarget "SpaceEnvoy" */ = {
			isa = XCConfigurationList;
			buildConfigurations = (
				84FF23D51A143C5200665432 /* Debug */,
				84FF23D61A143C5200665432 /* Release */,
			);
			defaultConfigurationIsVisible = 0;
			defaultConfigurationName = Release;
		};
		84FF23D71A143C5200665432 /* Build configuration list for PBXNativeTarget "SpaceEnvoyTests" */ = {
			isa = XCConfigurationList;
			buildConfigurations = (
				84FF23D81A143C5200665432 /* Debug */,
				84FF23D91A143C5200665432 /* Release */,
			);
			defaultConfigurationIsVisible = 0;
			defaultConfigurationName = Release;
		};
/* End XCConfigurationList section */
	};
	rootObject = 84FF23A91A143C5200665432 /* Project object */;
}
